
Microsoft Visual Studio Solution File, Format Version 12.00
Project("{FAE04EC0-301F-11D3-BF4B-00C04F79EFBC}") = "Repositories", "Repositories\Repositories.csproj", "{7A4E38DA-CB55-402A-B1D3-F9FC9F1DCBB1}"
EndProject
Project("{FAE04EC0-301F-11D3-BF4B-00C04F79EFBC}") = "Services", "Services\Services.csproj", "{1460A30D-66C5-491B-9156-46BFA355307E}"
EndProject
Project("{FAE04EC0-301F-11D3-BF4B-00C04F79EFBC}") = "App.API", "App.API\App.API.csproj", "{761D7A00-C976-4CB8-88D7-A5DC9F2D8D23}"
EndProject
Global
	GlobalSection(SolutionConfigurationPlatforms) = preSolution
		Debug|Any CPU = Debug|Any CPU
		Release|Any CPU = Release|Any CPU
	EndGlobalSection
	GlobalSection(ProjectConfigurationPlatforms) = postSolution
		{7A4E38DA-CB55-402A-B1D3-F9FC9F1DCBB1}.Debug|Any CPU.ActiveCfg = Debug|Any CPU
		{7A4E38DA-CB55-402A-B1D3-F9FC9F1DCBB1}.Debug|Any CPU.Build.0 = Debug|Any CPU
		{7A4E38DA-CB55-402A-B1D3-F9FC9F1DCBB1}.Release|Any CPU.ActiveCfg = Release|Any CPU
		{7A4E38DA-CB55-402A-B1D3-F9FC9F1DCBB1}.Release|Any CPU.Build.0 = Release|Any CPU
		{1460A30D-66C5-491B-9156-46BFA355307E}.Debug|Any CPU.ActiveCfg = Debug|Any CPU
		{1460A30D-66C5-491B-9156-46BFA355307E}.Debug|Any CPU.Build.0 = Debug|Any CPU
		{1460A30D-66C5-491B-9156-46BFA355307E}.Release|Any CPU.ActiveCfg = Release|Any CPU
		{1460A30D-66C5-491B-9156-46BFA355307E}.Release|Any CPU.Build.0 = Release|Any CPU
		{761D7A00-C976-4CB8-88D7-A5DC9F2D8D23}.Debug|Any CPU.ActiveCfg = Debug|Any CPU
		{761D7A00-C976-4CB8-88D7-A5DC9F2D8D23}.Debug|Any CPU.Build.0 = Debug|Any CPU
		{761D7A00-C976-4CB8-88D7-A5DC9F2D8D23}.Release|Any CPU.ActiveCfg = Release|Any CPU
		{761D7A00-C976-4CB8-88D7-A5DC9F2D8D23}.Release|Any CPU.Build.0 = Release|Any CPU
	EndGlobalSection
EndGlobal
