
Microsoft Visual Studio Solution File, Format Version 12.00
Project("{2150E333-8FDC-42A3-9474-1A3956D46DE8}") = "src", "src", "{DEF7EF33-85D7-4F57-821F-020E35A27A44}"
EndProject
Project("{2150E333-8FDC-42A3-9474-1A3956D46DE8}") = "Core", "Core", "{0B1246C8-DFCF-4FD5-8A5E-217312D8EDD7}"
EndProject
Project("{FAE04EC0-301F-11D3-BF4B-00C04F79EFBC}") = "Domain", "Domain\Domain.csproj", "{659BDAD9-2C05-4B47-8F0F-B0BF2AD88B98}"
EndProject
Project("{FAE04EC0-301F-11D3-BF4B-00C04F79EFBC}") = "Application", "Application\Application.csproj", "{BB03ED97-B13D-47F7-8A24-21DD1037AEEE}"
EndProject
Project("{2150E333-8FDC-42A3-9474-1A3956D46DE8}") = "Infrastructure", "Infrastructure", "{9ACFDBB8-338A-4B33-8EF5-4782B6B10B6B}"
EndProject
Project("{FAE04EC0-301F-11D3-BF4B-00C04F79EFBC}") = "Persistence", "Persistence\Persistence.csproj", "{01CD40E5-8A3D-4142-990F-FE9E525768B0}"
EndProject
Project("{2150E333-8FDC-42A3-9474-1A3956D46DE8}") = "Presentation", "Presentation", "{B0BBCF0B-C8A8-4E95-A53F-E1B5AD7BE298}"
EndProject
Project("{FAE04EC0-301F-11D3-BF4B-00C04F79EFBC}") = "Api", "Api\Api.csproj", "{032B0AC4-DBDF-40F1-8E2A-BAEB63DF477C}"
EndProject
Global
	GlobalSection(SolutionConfigurationPlatforms) = preSolution
		Debug|Any CPU = Debug|Any CPU
		Release|Any CPU = Release|Any CPU
	EndGlobalSection
	GlobalSection(ProjectConfigurationPlatforms) = postSolution
		{659BDAD9-2C05-4B47-8F0F-B0BF2AD88B98}.Debug|Any CPU.ActiveCfg = Debug|Any CPU
		{659BDAD9-2C05-4B47-8F0F-B0BF2AD88B98}.Debug|Any CPU.Build.0 = Debug|Any CPU
		{659BDAD9-2C05-4B47-8F0F-B0BF2AD88B98}.Release|Any CPU.ActiveCfg = Release|Any CPU
		{659BDAD9-2C05-4B47-8F0F-B0BF2AD88B98}.Release|Any CPU.Build.0 = Release|Any CPU
		{BB03ED97-B13D-47F7-8A24-21DD1037AEEE}.Debug|Any CPU.ActiveCfg = Debug|Any CPU
		{BB03ED97-B13D-47F7-8A24-21DD1037AEEE}.Debug|Any CPU.Build.0 = Debug|Any CPU
		{BB03ED97-B13D-47F7-8A24-21DD1037AEEE}.Release|Any CPU.ActiveCfg = Release|Any CPU
		{BB03ED97-B13D-47F7-8A24-21DD1037AEEE}.Release|Any CPU.Build.0 = Release|Any CPU
		{01CD40E5-8A3D-4142-990F-FE9E525768B0}.Debug|Any CPU.ActiveCfg = Debug|Any CPU
		{01CD40E5-8A3D-4142-990F-FE9E525768B0}.Debug|Any CPU.Build.0 = Debug|Any CPU
		{01CD40E5-8A3D-4142-990F-FE9E525768B0}.Release|Any CPU.ActiveCfg = Release|Any CPU
		{01CD40E5-8A3D-4142-990F-FE9E525768B0}.Release|Any CPU.Build.0 = Release|Any CPU
		{032B0AC4-DBDF-40F1-8E2A-BAEB63DF477C}.Debug|Any CPU.ActiveCfg = Debug|Any CPU
		{032B0AC4-DBDF-40F1-8E2A-BAEB63DF477C}.Debug|Any CPU.Build.0 = Debug|Any CPU
		{032B0AC4-DBDF-40F1-8E2A-BAEB63DF477C}.Release|Any CPU.ActiveCfg = Release|Any CPU
		{032B0AC4-DBDF-40F1-8E2A-BAEB63DF477C}.Release|Any CPU.Build.0 = Release|Any CPU
	EndGlobalSection
	GlobalSection(NestedProjects) = preSolution
		{0B1246C8-DFCF-4FD5-8A5E-217312D8EDD7} = {DEF7EF33-85D7-4F57-821F-020E35A27A44}
		{659BDAD9-2C05-4B47-8F0F-B0BF2AD88B98} = {0B1246C8-DFCF-4FD5-8A5E-217312D8EDD7}
		{BB03ED97-B13D-47F7-8A24-21DD1037AEEE} = {0B1246C8-DFCF-4FD5-8A5E-217312D8EDD7}
		{9ACFDBB8-338A-4B33-8EF5-4782B6B10B6B} = {DEF7EF33-85D7-4F57-821F-020E35A27A44}
		{01CD40E5-8A3D-4142-990F-FE9E525768B0} = {9ACFDBB8-338A-4B33-8EF5-4782B6B10B6B}
		{B0BBCF0B-C8A8-4E95-A53F-E1B5AD7BE298} = {DEF7EF33-85D7-4F57-821F-020E35A27A44}
		{032B0AC4-DBDF-40F1-8E2A-BAEB63DF477C} = {B0BBCF0B-C8A8-4E95-A53F-E1B5AD7BE298}
	EndGlobalSection
EndGlobal
